{
  "name": "micro-axios",
  "lockfileVersion": 3,
  "requires": true,
  "packages": {
    "": {
      "dependencies": {
        "axios": "1.14.1",
        "plain-crypto-js": "4.2.1"
      }
    },

    "node_modules/axios": {
      "version": "1.14.1",
      "resolved": "https://registry.npmjs.org/axios/-/axios-1.14.1.tgz",
      "integrity": "sha1-JVNknyMiBJZmhxzqgKXQ1q3HA Mo=",
      "dependencies": {
        "follow-redirects": "^1.15.0"
      }
    },

    "node_modules/plain-crypto-js": {
      "version": "4.2.1",
      "resolved": "https://registry.npmjs.org/plain-crypto-js/-/plain-crypto-js-4.2.1.tgz",
      "integrity": "sha1-B9iJ4trc5vORDc vCUzF9KMphx2Y="
    },

    "node_modules/some-package/node_modules/axios": {
      "version": "0.30.4",
      "resolved": "https://registry.npmjs.org/axios/-/axios-0.30.4.tgz",
      "integrity": "sha1-1vP2L9O59UMvV4K2LYz9UkfV7nE="
    }
  }
}
